Microsoft Visual Studio Solution File, Format Version 11.00
# Visual Studio 2008

Project("{97BA2AE8-7261-C584-3D44-CC7A22004310}") = "SpellBlaster", "Assembly-CSharp.csproj", "{5E5830B5-B896-0509-9C8D-9ABA374B8A9C}"
EndProject
Global
	GlobalSection(SolutionConfigurationPlatforms) = preSolution
		Debug|Any CPU = Debug|Any CPU
		Release|Any CPU = Release|Any CPU
	EndGlobalSection
	GlobalSection(ProjectConfigurationPlatforms) = postSolution
		{5E5830B5-B896-0509-9C8D-9ABA374B8A9C}.Debug|Any CPU.ActiveCfg = Debug|Any CPU
		{5E5830B5-B896-0509-9C8D-9ABA374B8A9C}.Debug|Any CPU.Build.0 = Debug|Any CPU
		{5E5830B5-B896-0509-9C8D-9ABA374B8A9C}.Release|Any CPU.ActiveCfg = Release|Any CPU
		{5E5830B5-B896-0509-9C8D-9ABA374B8A9C}.Release|Any CPU.Build.0 = Release|Any CPU
	EndGlobalSection
	GlobalSection(SolutionProperties) = preSolution
		HideSolutionNode = FALSE
	EndGlobalSection
	GlobalSection(MonoDevelopProperties) = preSolution
		StartupItem = Assembly-CSharp.csproj
	EndGlobalSection
EndGlobal
