Microsoft Visual Studio Solution File, Format Version 11.00
# Visual Studio 2008

Project("{97BA2AE8-7261-C584-3D44-CC7A22004310}") = "SpellBlaster", "Assembly-CSharp-firstpass.csproj", "{8D0ED7AE-DD25-E6F1-BAE6-3FF4A6F7F39B}"
EndProject
Project("{97BA2AE8-7261-C584-3D44-CC7A22004310}") = "SpellBlaster", "Assembly-CSharp.csproj", "{5E5830B5-B896-0509-9C8D-9ABA374B8A9C}"
EndProject
Project("{97BA2AE8-7261-C584-3D44-CC7A22004310}") = "SpellBlaster", "Assembly-CSharp-Editor.csproj", "{C5144AF5-F4AE-55ED-4CE8-DAE67608808B}"
EndProject
Global
	GlobalSection(SolutionConfigurationPlatforms) = preSolution
		Debug|Any CPU = Debug|Any CPU
		Release|Any CPU = Release|Any CPU
	EndGlobalSection
	GlobalSection(ProjectConfigurationPlatforms) = postSolution
		{8D0ED7AE-DD25-E6F1-BAE6-3FF4A6F7F39B}.Debug|Any CPU.ActiveCfg = Debug|Any CPU
		{8D0ED7AE-DD25-E6F1-BAE6-3FF4A6F7F39B}.Debug|Any CPU.Build.0 = Debug|Any CPU
		{8D0ED7AE-DD25-E6F1-BAE6-3FF4A6F7F39B}.Release|Any CPU.ActiveCfg = Release|Any CPU
		{8D0ED7AE-DD25-E6F1-BAE6-3FF4A6F7F39B}.Release|Any CPU.Build.0 = Release|Any CPU
		{5E5830B5-B896-0509-9C8D-9ABA374B8A9C}.Debug|Any CPU.ActiveCfg = Debug|Any CPU
		{5E5830B5-B896-0509-9C8D-9ABA374B8A9C}.Debug|Any CPU.Build.0 = Debug|Any CPU
		{5E5830B5-B896-0509-9C8D-9ABA374B8A9C}.Release|Any CPU.ActiveCfg = Release|Any CPU
		{5E5830B5-B896-0509-9C8D-9ABA374B8A9C}.Release|Any CPU.Build.0 = Release|Any CPU
		{C5144AF5-F4AE-55ED-4CE8-DAE67608808B}.Debug|Any CPU.ActiveCfg = Debug|Any CPU
		{C5144AF5-F4AE-55ED-4CE8-DAE67608808B}.Debug|Any CPU.Build.0 = Debug|Any CPU
		{C5144AF5-F4AE-55ED-4CE8-DAE67608808B}.Release|Any CPU.ActiveCfg = Release|Any CPU
		{C5144AF5-F4AE-55ED-4CE8-DAE67608808B}.Release|Any CPU.Build.0 = Release|Any CPU
	EndGlobalSection
	GlobalSection(SolutionProperties) = preSolution
		HideSolutionNode = FALSE
	EndGlobalSection
	GlobalSection(MonoDevelopProperties) = preSolution
		StartupItem = Assembly-CSharp.csproj
	EndGlobalSection
EndGlobal
